
Microsoft Visual Studio Solution File, Format Version 12.00
# Visual Studio Version 17
VisualStudioVersion = 17.5.002.0
MinimumVisualStudioVersion = 10.0.40219.1
Project("{9A19103F-16F7-4668-BE54-9A1E7A4F7556}") = "dapper", "dapper\dapper.csproj", "{810554BB-12C6-4F6F-B99D-DEDEDEAA966E}"
EndProject
Project("{9A19103F-16F7-4668-BE54-9A1E7A4F7556}") = "ef", "ef\ef.csproj", "{7ECC1180-E06A-4F8B-8F71-C1AC8668123A}"
EndProject
Project("{9A19103F-16F7-4668-BE54-9A1E7A4F7556}") = "ado.net", "ado.net\ado.net.csproj", "{9C025231-1EBA-4197-B265-B0DE8E585EC3}"
EndProject
Global
	GlobalSection(SolutionConfigurationPlatforms) = preSolution
		Debug|Any CPU = Debug|Any CPU
		Release|Any CPU = Release|Any CPU
	EndGlobalSection
	GlobalSection(ProjectConfigurationPlatforms) = postSolution
		{810554BB-12C6-4F6F-B99D-DEDEDEAA966E}.Debug|Any CPU.ActiveCfg = Debug|Any CPU
		{810554BB-12C6-4F6F-B99D-DEDEDEAA966E}.Debug|Any CPU.Build.0 = Debug|Any CPU
		{810554BB-12C6-4F6F-B99D-DEDEDEAA966E}.Release|Any CPU.ActiveCfg = Release|Any CPU
		{810554BB-12C6-4F6F-B99D-DEDEDEAA966E}.Release|Any CPU.Build.0 = Release|Any CPU
		{7ECC1180-E06A-4F8B-8F71-C1AC8668123A}.Debug|Any CPU.ActiveCfg = Debug|Any CPU
		{7ECC1180-E06A-4F8B-8F71-C1AC8668123A}.Debug|Any CPU.Build.0 = Debug|Any CPU
		{7ECC1180-E06A-4F8B-8F71-C1AC8668123A}.Release|Any CPU.ActiveCfg = Release|Any CPU
		{7ECC1180-E06A-4F8B-8F71-C1AC8668123A}.Release|Any CPU.Build.0 = Release|Any CPU
		{9C025231-1EBA-4197-B265-B0DE8E585EC3}.Debug|Any CPU.ActiveCfg = Debug|Any CPU
		{9C025231-1EBA-4197-B265-B0DE8E585EC3}.Debug|Any CPU.Build.0 = Debug|Any CPU
		{9C025231-1EBA-4197-B265-B0DE8E585EC3}.Release|Any CPU.ActiveCfg = Release|Any CPU
		{9C025231-1EBA-4197-B265-B0DE8E585EC3}.Release|Any CPU.Build.0 = Release|Any CPU
	EndGlobalSection
	GlobalSection(SolutionProperties) = preSolution
		HideSolutionNode = FALSE
	EndGlobalSection
	GlobalSection(ExtensibilityGlobals) = postSolution
		SolutionGuid = {413A57D9-9F4A-4053-BAE0-74DFE6076318}
	EndGlobalSection
EndGlobal
